
Microsoft Visual Studio Solution File, Format Version 12.00
# Visual Studio 15
VisualStudioVersion = 15.0.26730.16
MinimumVisualStudioVersion = 10.0.40219.1
Project("{2150E333-8FDC-42A3-9474-1A3956D46DE8}") = "(Solution Items)", "(Solution Items)", "{55E402DD-18E3-4E9F-A516-A1694A0BC86D}"
	ProjectSection(SolutionItems) = preProject
		.gitignore = .gitignore
		LICENSE.md = LICENSE.md
		README.md = README.md
		.editorconfig = .editorconfig
	EndProjectSection
EndProject
Project("{2150E333-8FDC-42A3-9474-1A3956D46DE8}") = "Shared", "Shared", "{C7D8E4F6-4F56-4BFB-B2CF-7DEC63ED215C}"
ProjectSection(SolutionItems) = preProject
	JetBrainsAnnotations.cs = JetBrainsAnnotations.cs
EndProjectSection
EndProject
Project("{2150E333-8FDC-42A3-9474-1A3956D46DE8}") = "Examples", "Examples", "{5B995C24-B8BE-46E8-8B0B-1254641F31A0}"
EndProject
Project("{FAE04EC0-301F-11D3-BF4B-00C04F79EFBC}") = "Surreal.Core.Audio", "core\Surreal.Core.Audio\Surreal.Core.Audio.csproj", "{694758B0-A660-4923-AA98-25ADD1CFCD81}"
EndProject
Project("{FAE04EC0-301F-11D3-BF4B-00C04F79EFBC}") = "Surreal.Core.Compute", "core\Surreal.Core.Compute\Surreal.Core.Compute.csproj", "{024ED746-9A00-4EE3-AF8E-D7FF33EFBC88}"
EndProject
Project("{FAE04EC0-301F-11D3-BF4B-00C04F79EFBC}") = "Surreal.Core.Assets", "core\Surreal.Core.Assets\Surreal.Core.Assets.csproj", "{5BC83CEC-5139-46D5-9F2A-DA71D544381F}"
EndProject
Project("{FAE04EC0-301F-11D3-BF4B-00C04F79EFBC}") = "Surreal.Framework", "framework\Surreal.Framework\Surreal.Framework.csproj", "{A6308351-A6D6-4B2A-AE6D-208CDB1A5396}"
EndProject
Project("{FAE04EC0-301F-11D3-BF4B-00C04F79EFBC}") = "Surreal.Core.Graphics", "core\Surreal.Core.Graphics\Surreal.Core.Graphics.csproj", "{69468943-2F5D-4131-8004-C4FD568AC7EA}"
EndProject
Project("{FAE04EC0-301F-11D3-BF4B-00C04F79EFBC}") = "Surreal.Core.Input", "core\Surreal.Core.Input\Surreal.Core.Input.csproj", "{C8CC706C-D304-4362-A891-3D7AD365D510}"
EndProject
Project("{FAE04EC0-301F-11D3-BF4B-00C04F79EFBC}") = "Surreal.Framework.Jam", "framework\Surreal.Framework.Jam\Surreal.Framework.Jam.csproj", "{C211C44B-90D3-4E5A-8F75-5A4D57C632B0}"
EndProject
Project("{FAE04EC0-301F-11D3-BF4B-00C04F79EFBC}") = "Surreal.Platform", "platforms\Surreal.Platform\Surreal.Platform.csproj", "{2FC96024-1DD6-453D-A7C2-DD3DCA15FB43}"
EndProject
Project("{FAE04EC0-301F-11D3-BF4B-00C04F79EFBC}") = "Surreal.Platform.Desktop", "platforms\Surreal.Platform.Desktop\Surreal.Platform.Desktop.csproj", "{3A71DF35-AF25-40BF-9335-6DF5A2956499}"
EndProject
Project("{FAE04EC0-301F-11D3-BF4B-00C04F79EFBC}") = "Surreal.Common.Tests", "core\Surreal.Common.Tests\Surreal.Common.Tests.csproj", "{EB43C360-C4F7-43F2-9C86-B0378AAF8AA9}"
EndProject
Project("{FAE04EC0-301F-11D3-BF4B-00C04F79EFBC}") = "Surreal.Core.Graphics.Tests", "core\Surreal.Core.Graphics.Tests\Surreal.Core.Graphics.Tests.csproj", "{875D232E-1084-43E7-B2D1-DF4AD32D6561}"
EndProject
Project("{FAE04EC0-301F-11D3-BF4B-00C04F79EFBC}") = "Surreal.Framework.Jam.Tests", "framework\Surreal.Framework.Jam.Tests\Surreal.Framework.Jam.Tests.csproj", "{9ACC2F35-F14A-4FEC-81C8-1ED1126251E9}"
EndProject
Project("{FAE04EC0-301F-11D3-BF4B-00C04F79EFBC}") = "Surreal.Example.Minecraft", "examples\Surreal.Example.Minecraft\Surreal.Example.Minecraft.csproj", "{08AE8BC7-81FE-43A6-96A7-BC7910AF09EE}"
EndProject
Project("{FAE04EC0-301F-11D3-BF4B-00C04F79EFBC}") = "Surreal.Example.Isaac", "examples\Surreal.Example.Isaac\Surreal.Example.Isaac.csproj", "{2EC4AA7A-3566-465F-888E-75F1986C9167}"
EndProject
Project("{FAE04EC0-301F-11D3-BF4B-00C04F79EFBC}") = "Surreal.Example.Prelude", "examples\Surreal.Example.Prelude\Surreal.Example.Prelude.csproj", "{6CE7EF92-F455-4410-8D45-508C5E57982B}"
EndProject
Project("{FAE04EC0-301F-11D3-BF4B-00C04F79EFBC}") = "Surreal.Example.HelloWorld", "examples\Surreal.Example.HelloWorld\Surreal.Example.HelloWorld.csproj", "{7570FF55-0C5D-4E52-BE67-ED3307EAD128}"
EndProject
Project("{FAE04EC0-301F-11D3-BF4B-00C04F79EFBC}") = "Surreal.Platform.Headless", "platforms\Surreal.Platform.Headless\Surreal.Platform.Headless.csproj", "{FDBF46E8-8977-4248-8FF0-46B225CE006F}"
EndProject
Project("{FAE04EC0-301F-11D3-BF4B-00C04F79EFBC}") = "Surreal.Example.Headless", "examples\Surreal.Example.Headless\Surreal.Example.Headless.csproj", "{1A9C80BC-C2FF-418E-B6AE-15B6FEA59EEE}"
EndProject
Project("{FAE04EC0-301F-11D3-BF4B-00C04F79EFBC}") = "Surreal.Modules.Modding", "modules\Surreal.Modules.Modding\Surreal.Modules.Modding.csproj", "{73652FA7-9E6A-4E45-BD32-B5A433F33FD5}"
EndProject
Project("{FAE04EC0-301F-11D3-BF4B-00C04F79EFBC}") = "Surreal.Modules.UI", "modules\Surreal.Modules.UI\Surreal.Modules.UI.csproj", "{A001313A-8153-499C-8860-A283651B1B66}"
EndProject
Project("{FAE04EC0-301F-11D3-BF4B-00C04F79EFBC}") = "Surreal.Example.Asteroids", "examples\Surreal.Example.Asteroids\Surreal.Example.Asteroids.csproj", "{F668126A-6AA9-4081-8AB1-1B6626DDFF7D}"
EndProject
Project("{FAE04EC0-301F-11D3-BF4B-00C04F79EFBC}") = "Surreal.Editor", "editor\Surreal.Editor\Surreal.Editor.csproj", "{F124117E-F62F-451F-B829-4ED62372B43A}"
EndProject
Project("{2150E333-8FDC-42A3-9474-1A3956D46DE8}") = "Core", "Core", "{A85DE2FC-C8C9-4799-8740-893BE9BA6CD7}"
EndProject
Project("{2150E333-8FDC-42A3-9474-1A3956D46DE8}") = "Modules", "Modules", "{725E3C8A-9A5D-4932-8CEB-FFE3C891F0D5}"
EndProject
Project("{2150E333-8FDC-42A3-9474-1A3956D46DE8}") = "Platforms", "Platforms", "{4AB507D1-131E-4DC9-B258-68CEB846F6C4}"
EndProject
Project("{FAE04EC0-301F-11D3-BF4B-00C04F79EFBC}") = "Surreal.Common", "core\Surreal.Common\Surreal.Common.csproj", "{86CCB54D-4113-485E-8487-30453FF62247}"
EndProject
Project("{2150E333-8FDC-42A3-9474-1A3956D46DE8}") = "Properties", "Properties", "{7C017374-C239-48A5-A252-2E6B72C57080}"
ProjectSection(SolutionItems) = preProject
	Tests.props = Tests.props
	Shared.props = Shared.props
	Executables.props = Executables.props
EndProjectSection
EndProject
Project("{2150E333-8FDC-42A3-9474-1A3956D46DE8}") = "Editor", "Editor", "{AA696566-0DC0-430A-A894-2C52E4433F43}"
EndProject
Project("{2150E333-8FDC-42A3-9474-1A3956D46DE8}") = "Framework", "Framework", "{6B1596BD-3981-489A-849B-C142A9D38264}"
EndProject
Project("{FAE04EC0-301F-11D3-BF4B-00C04F79EFBC}") = "Surreal.Modules.Sprites", "modules\Surreal.Modules.Sprites\Surreal.Modules.Sprites.csproj", "{E6411EB6-767C-44F6-AC6F-6091EC10D20D}"
EndProject
Project("{FAE04EC0-301F-11D3-BF4B-00C04F79EFBC}") = "Surreal.Modules.Fonts", "modules\Surreal.Modules.Fonts\Surreal.Modules.Fonts.csproj", "{D6C28B0C-E052-4073-8F3D-22AED30379FA}"
EndProject
Project("{FAE04EC0-301F-11D3-BF4B-00C04F79EFBC}") = "Surreal.Modules.Tilemaps", "modules\Surreal.Modules.Tilemaps\Surreal.Modules.Tilemaps.csproj", "{71FB8840-6B31-4153-A572-E6E8FE2B8AD1}"
EndProject
Project("{FAE04EC0-301F-11D3-BF4B-00C04F79EFBC}") = "Surreal.Modules.Actors", "modules\Surreal.Modules.Actors\Surreal.Modules.Actors.csproj", "{13FD4DAA-4990-47E5-A29B-0FF47E3260E7}"
EndProject
Global
	GlobalSection(SolutionConfigurationPlatforms) = preSolution
		Debug|Any CPU = Debug|Any CPU
		Release|Any CPU = Release|Any CPU
	EndGlobalSection
	GlobalSection(ProjectConfigurationPlatforms) = postSolution
		{694758B0-A660-4923-AA98-25ADD1CFCD81}.Debug|Any CPU.ActiveCfg = Debug|Any CPU
		{694758B0-A660-4923-AA98-25ADD1CFCD81}.Debug|Any CPU.Build.0 = Debug|Any CPU
		{694758B0-A660-4923-AA98-25ADD1CFCD81}.Release|Any CPU.ActiveCfg = Release|Any CPU
		{694758B0-A660-4923-AA98-25ADD1CFCD81}.Release|Any CPU.Build.0 = Release|Any CPU
		{024ED746-9A00-4EE3-AF8E-D7FF33EFBC88}.Debug|Any CPU.ActiveCfg = Debug|Any CPU
		{024ED746-9A00-4EE3-AF8E-D7FF33EFBC88}.Debug|Any CPU.Build.0 = Debug|Any CPU
		{024ED746-9A00-4EE3-AF8E-D7FF33EFBC88}.Release|Any CPU.ActiveCfg = Release|Any CPU
		{024ED746-9A00-4EE3-AF8E-D7FF33EFBC88}.Release|Any CPU.Build.0 = Release|Any CPU
		{5BC83CEC-5139-46D5-9F2A-DA71D544381F}.Debug|Any CPU.ActiveCfg = Debug|Any CPU
		{5BC83CEC-5139-46D5-9F2A-DA71D544381F}.Debug|Any CPU.Build.0 = Debug|Any CPU
		{5BC83CEC-5139-46D5-9F2A-DA71D544381F}.Release|Any CPU.ActiveCfg = Release|Any CPU
		{5BC83CEC-5139-46D5-9F2A-DA71D544381F}.Release|Any CPU.Build.0 = Release|Any CPU
		{A6308351-A6D6-4B2A-AE6D-208CDB1A5396}.Debug|Any CPU.ActiveCfg = Debug|Any CPU
		{A6308351-A6D6-4B2A-AE6D-208CDB1A5396}.Debug|Any CPU.Build.0 = Debug|Any CPU
		{A6308351-A6D6-4B2A-AE6D-208CDB1A5396}.Release|Any CPU.ActiveCfg = Release|Any CPU
		{A6308351-A6D6-4B2A-AE6D-208CDB1A5396}.Release|Any CPU.Build.0 = Release|Any CPU
		{69468943-2F5D-4131-8004-C4FD568AC7EA}.Debug|Any CPU.ActiveCfg = Debug|Any CPU
		{69468943-2F5D-4131-8004-C4FD568AC7EA}.Debug|Any CPU.Build.0 = Debug|Any CPU
		{69468943-2F5D-4131-8004-C4FD568AC7EA}.Release|Any CPU.ActiveCfg = Release|Any CPU
		{69468943-2F5D-4131-8004-C4FD568AC7EA}.Release|Any CPU.Build.0 = Release|Any CPU
		{C8CC706C-D304-4362-A891-3D7AD365D510}.Debug|Any CPU.ActiveCfg = Debug|Any CPU
		{C8CC706C-D304-4362-A891-3D7AD365D510}.Debug|Any CPU.Build.0 = Debug|Any CPU
		{C8CC706C-D304-4362-A891-3D7AD365D510}.Release|Any CPU.ActiveCfg = Release|Any CPU
		{C8CC706C-D304-4362-A891-3D7AD365D510}.Release|Any CPU.Build.0 = Release|Any CPU
		{C211C44B-90D3-4E5A-8F75-5A4D57C632B0}.Debug|Any CPU.ActiveCfg = Debug|Any CPU
		{C211C44B-90D3-4E5A-8F75-5A4D57C632B0}.Debug|Any CPU.Build.0 = Debug|Any CPU
		{C211C44B-90D3-4E5A-8F75-5A4D57C632B0}.Release|Any CPU.ActiveCfg = Release|Any CPU
		{C211C44B-90D3-4E5A-8F75-5A4D57C632B0}.Release|Any CPU.Build.0 = Release|Any CPU
		{2FC96024-1DD6-453D-A7C2-DD3DCA15FB43}.Debug|Any CPU.ActiveCfg = Debug|Any CPU
		{2FC96024-1DD6-453D-A7C2-DD3DCA15FB43}.Debug|Any CPU.Build.0 = Debug|Any CPU
		{2FC96024-1DD6-453D-A7C2-DD3DCA15FB43}.Release|Any CPU.ActiveCfg = Release|Any CPU
		{2FC96024-1DD6-453D-A7C2-DD3DCA15FB43}.Release|Any CPU.Build.0 = Release|Any CPU
		{3A71DF35-AF25-40BF-9335-6DF5A2956499}.Debug|Any CPU.ActiveCfg = Debug|Any CPU
		{3A71DF35-AF25-40BF-9335-6DF5A2956499}.Debug|Any CPU.Build.0 = Debug|Any CPU
		{3A71DF35-AF25-40BF-9335-6DF5A2956499}.Release|Any CPU.ActiveCfg = Release|Any CPU
		{3A71DF35-AF25-40BF-9335-6DF5A2956499}.Release|Any CPU.Build.0 = Release|Any CPU
		{EB43C360-C4F7-43F2-9C86-B0378AAF8AA9}.Debug|Any CPU.ActiveCfg = Debug|Any CPU
		{EB43C360-C4F7-43F2-9C86-B0378AAF8AA9}.Debug|Any CPU.Build.0 = Debug|Any CPU
		{EB43C360-C4F7-43F2-9C86-B0378AAF8AA9}.Release|Any CPU.ActiveCfg = Release|Any CPU
		{EB43C360-C4F7-43F2-9C86-B0378AAF8AA9}.Release|Any CPU.Build.0 = Release|Any CPU
		{875D232E-1084-43E7-B2D1-DF4AD32D6561}.Debug|Any CPU.ActiveCfg = Debug|Any CPU
		{875D232E-1084-43E7-B2D1-DF4AD32D6561}.Debug|Any CPU.Build.0 = Debug|Any CPU
		{875D232E-1084-43E7-B2D1-DF4AD32D6561}.Release|Any CPU.ActiveCfg = Release|Any CPU
		{875D232E-1084-43E7-B2D1-DF4AD32D6561}.Release|Any CPU.Build.0 = Release|Any CPU
		{9ACC2F35-F14A-4FEC-81C8-1ED1126251E9}.Debug|Any CPU.ActiveCfg = Debug|Any CPU
		{9ACC2F35-F14A-4FEC-81C8-1ED1126251E9}.Debug|Any CPU.Build.0 = Debug|Any CPU
		{9ACC2F35-F14A-4FEC-81C8-1ED1126251E9}.Release|Any CPU.ActiveCfg = Release|Any CPU
		{9ACC2F35-F14A-4FEC-81C8-1ED1126251E9}.Release|Any CPU.Build.0 = Release|Any CPU
		{08AE8BC7-81FE-43A6-96A7-BC7910AF09EE}.Debug|Any CPU.ActiveCfg = Debug|Any CPU
		{08AE8BC7-81FE-43A6-96A7-BC7910AF09EE}.Debug|Any CPU.Build.0 = Debug|Any CPU
		{08AE8BC7-81FE-43A6-96A7-BC7910AF09EE}.Release|Any CPU.ActiveCfg = Release|Any CPU
		{08AE8BC7-81FE-43A6-96A7-BC7910AF09EE}.Release|Any CPU.Build.0 = Release|Any CPU
		{2EC4AA7A-3566-465F-888E-75F1986C9167}.Debug|Any CPU.ActiveCfg = Debug|Any CPU
		{2EC4AA7A-3566-465F-888E-75F1986C9167}.Debug|Any CPU.Build.0 = Debug|Any CPU
		{2EC4AA7A-3566-465F-888E-75F1986C9167}.Release|Any CPU.ActiveCfg = Release|Any CPU
		{2EC4AA7A-3566-465F-888E-75F1986C9167}.Release|Any CPU.Build.0 = Release|Any CPU
		{6CE7EF92-F455-4410-8D45-508C5E57982B}.Debug|Any CPU.ActiveCfg = Debug|Any CPU
		{6CE7EF92-F455-4410-8D45-508C5E57982B}.Debug|Any CPU.Build.0 = Debug|Any CPU
		{6CE7EF92-F455-4410-8D45-508C5E57982B}.Release|Any CPU.ActiveCfg = Release|Any CPU
		{6CE7EF92-F455-4410-8D45-508C5E57982B}.Release|Any CPU.Build.0 = Release|Any CPU
		{7570FF55-0C5D-4E52-BE67-ED3307EAD128}.Debug|Any CPU.ActiveCfg = Debug|Any CPU
		{7570FF55-0C5D-4E52-BE67-ED3307EAD128}.Debug|Any CPU.Build.0 = Debug|Any CPU
		{7570FF55-0C5D-4E52-BE67-ED3307EAD128}.Release|Any CPU.ActiveCfg = Release|Any CPU
		{7570FF55-0C5D-4E52-BE67-ED3307EAD128}.Release|Any CPU.Build.0 = Release|Any CPU
		{FDBF46E8-8977-4248-8FF0-46B225CE006F}.Debug|Any CPU.ActiveCfg = Debug|Any CPU
		{FDBF46E8-8977-4248-8FF0-46B225CE006F}.Debug|Any CPU.Build.0 = Debug|Any CPU
		{FDBF46E8-8977-4248-8FF0-46B225CE006F}.Release|Any CPU.ActiveCfg = Release|Any CPU
		{FDBF46E8-8977-4248-8FF0-46B225CE006F}.Release|Any CPU.Build.0 = Release|Any CPU
		{1A9C80BC-C2FF-418E-B6AE-15B6FEA59EEE}.Debug|Any CPU.ActiveCfg = Debug|Any CPU
		{1A9C80BC-C2FF-418E-B6AE-15B6FEA59EEE}.Debug|Any CPU.Build.0 = Debug|Any CPU
		{1A9C80BC-C2FF-418E-B6AE-15B6FEA59EEE}.Release|Any CPU.ActiveCfg = Release|Any CPU
		{1A9C80BC-C2FF-418E-B6AE-15B6FEA59EEE}.Release|Any CPU.Build.0 = Release|Any CPU
		{73652FA7-9E6A-4E45-BD32-B5A433F33FD5}.Debug|Any CPU.ActiveCfg = Debug|Any CPU
		{73652FA7-9E6A-4E45-BD32-B5A433F33FD5}.Debug|Any CPU.Build.0 = Debug|Any CPU
		{73652FA7-9E6A-4E45-BD32-B5A433F33FD5}.Release|Any CPU.ActiveCfg = Release|Any CPU
		{73652FA7-9E6A-4E45-BD32-B5A433F33FD5}.Release|Any CPU.Build.0 = Release|Any CPU
		{A001313A-8153-499C-8860-A283651B1B66}.Debug|Any CPU.ActiveCfg = Debug|Any CPU
		{A001313A-8153-499C-8860-A283651B1B66}.Debug|Any CPU.Build.0 = Debug|Any CPU
		{A001313A-8153-499C-8860-A283651B1B66}.Release|Any CPU.ActiveCfg = Release|Any CPU
		{A001313A-8153-499C-8860-A283651B1B66}.Release|Any CPU.Build.0 = Release|Any CPU
		{F668126A-6AA9-4081-8AB1-1B6626DDFF7D}.Debug|Any CPU.ActiveCfg = Debug|Any CPU
		{F668126A-6AA9-4081-8AB1-1B6626DDFF7D}.Debug|Any CPU.Build.0 = Debug|Any CPU
		{F668126A-6AA9-4081-8AB1-1B6626DDFF7D}.Release|Any CPU.ActiveCfg = Release|Any CPU
		{F668126A-6AA9-4081-8AB1-1B6626DDFF7D}.Release|Any CPU.Build.0 = Release|Any CPU
		{F124117E-F62F-451F-B829-4ED62372B43A}.Debug|Any CPU.ActiveCfg = Debug|Any CPU
		{F124117E-F62F-451F-B829-4ED62372B43A}.Debug|Any CPU.Build.0 = Debug|Any CPU
		{F124117E-F62F-451F-B829-4ED62372B43A}.Release|Any CPU.ActiveCfg = Release|Any CPU
		{F124117E-F62F-451F-B829-4ED62372B43A}.Release|Any CPU.Build.0 = Release|Any CPU
		{86CCB54D-4113-485E-8487-30453FF62247}.Debug|Any CPU.ActiveCfg = Debug|Any CPU
		{86CCB54D-4113-485E-8487-30453FF62247}.Debug|Any CPU.Build.0 = Debug|Any CPU
		{86CCB54D-4113-485E-8487-30453FF62247}.Release|Any CPU.ActiveCfg = Release|Any CPU
		{86CCB54D-4113-485E-8487-30453FF62247}.Release|Any CPU.Build.0 = Release|Any CPU
		{E6411EB6-767C-44F6-AC6F-6091EC10D20D}.Debug|Any CPU.ActiveCfg = Debug|Any CPU
		{E6411EB6-767C-44F6-AC6F-6091EC10D20D}.Debug|Any CPU.Build.0 = Debug|Any CPU
		{E6411EB6-767C-44F6-AC6F-6091EC10D20D}.Release|Any CPU.ActiveCfg = Release|Any CPU
		{E6411EB6-767C-44F6-AC6F-6091EC10D20D}.Release|Any CPU.Build.0 = Release|Any CPU
		{D6C28B0C-E052-4073-8F3D-22AED30379FA}.Debug|Any CPU.ActiveCfg = Debug|Any CPU
		{D6C28B0C-E052-4073-8F3D-22AED30379FA}.Debug|Any CPU.Build.0 = Debug|Any CPU
		{D6C28B0C-E052-4073-8F3D-22AED30379FA}.Release|Any CPU.ActiveCfg = Release|Any CPU
		{D6C28B0C-E052-4073-8F3D-22AED30379FA}.Release|Any CPU.Build.0 = Release|Any CPU
		{71FB8840-6B31-4153-A572-E6E8FE2B8AD1}.Debug|Any CPU.ActiveCfg = Debug|Any CPU
		{71FB8840-6B31-4153-A572-E6E8FE2B8AD1}.Debug|Any CPU.Build.0 = Debug|Any CPU
		{71FB8840-6B31-4153-A572-E6E8FE2B8AD1}.Release|Any CPU.ActiveCfg = Release|Any CPU
		{71FB8840-6B31-4153-A572-E6E8FE2B8AD1}.Release|Any CPU.Build.0 = Release|Any CPU
		{13FD4DAA-4990-47E5-A29B-0FF47E3260E7}.Debug|Any CPU.ActiveCfg = Debug|Any CPU
		{13FD4DAA-4990-47E5-A29B-0FF47E3260E7}.Debug|Any CPU.Build.0 = Debug|Any CPU
		{13FD4DAA-4990-47E5-A29B-0FF47E3260E7}.Release|Any CPU.ActiveCfg = Release|Any CPU
		{13FD4DAA-4990-47E5-A29B-0FF47E3260E7}.Release|Any CPU.Build.0 = Release|Any CPU
	EndGlobalSection
	GlobalSection(SolutionProperties) = preSolution
		HideSolutionNode = FALSE
	EndGlobalSection
	GlobalSection(ExtensibilityGlobals) = postSolution
		SolutionGuid = {3080968F-AC73-43C5-8D2A-CC447EF077DC}
	EndGlobalSection
	GlobalSection(NestedProjects) = preSolution
		{C7D8E4F6-4F56-4BFB-B2CF-7DEC63ED215C} = {55E402DD-18E3-4E9F-A516-A1694A0BC86D}
		{08AE8BC7-81FE-43A6-96A7-BC7910AF09EE} = {5B995C24-B8BE-46E8-8B0B-1254641F31A0}
		{2EC4AA7A-3566-465F-888E-75F1986C9167} = {5B995C24-B8BE-46E8-8B0B-1254641F31A0}
		{6CE7EF92-F455-4410-8D45-508C5E57982B} = {5B995C24-B8BE-46E8-8B0B-1254641F31A0}
		{7570FF55-0C5D-4E52-BE67-ED3307EAD128} = {5B995C24-B8BE-46E8-8B0B-1254641F31A0}
		{1A9C80BC-C2FF-418E-B6AE-15B6FEA59EEE} = {5B995C24-B8BE-46E8-8B0B-1254641F31A0}
		{F668126A-6AA9-4081-8AB1-1B6626DDFF7D} = {5B995C24-B8BE-46E8-8B0B-1254641F31A0}
		{694758B0-A660-4923-AA98-25ADD1CFCD81} = {A85DE2FC-C8C9-4799-8740-893BE9BA6CD7}
		{024ED746-9A00-4EE3-AF8E-D7FF33EFBC88} = {A85DE2FC-C8C9-4799-8740-893BE9BA6CD7}
		{69468943-2F5D-4131-8004-C4FD568AC7EA} = {A85DE2FC-C8C9-4799-8740-893BE9BA6CD7}
		{C8CC706C-D304-4362-A891-3D7AD365D510} = {A85DE2FC-C8C9-4799-8740-893BE9BA6CD7}
		{5BC83CEC-5139-46D5-9F2A-DA71D544381F} = {A85DE2FC-C8C9-4799-8740-893BE9BA6CD7}
		{A001313A-8153-499C-8860-A283651B1B66} = {725E3C8A-9A5D-4932-8CEB-FFE3C891F0D5}
		{2FC96024-1DD6-453D-A7C2-DD3DCA15FB43} = {4AB507D1-131E-4DC9-B258-68CEB846F6C4}
		{3A71DF35-AF25-40BF-9335-6DF5A2956499} = {4AB507D1-131E-4DC9-B258-68CEB846F6C4}
		{FDBF46E8-8977-4248-8FF0-46B225CE006F} = {4AB507D1-131E-4DC9-B258-68CEB846F6C4}
		{875D232E-1084-43E7-B2D1-DF4AD32D6561} = {A85DE2FC-C8C9-4799-8740-893BE9BA6CD7}
		{EB43C360-C4F7-43F2-9C86-B0378AAF8AA9} = {A85DE2FC-C8C9-4799-8740-893BE9BA6CD7}
		{86CCB54D-4113-485E-8487-30453FF62247} = {A85DE2FC-C8C9-4799-8740-893BE9BA6CD7}
		{7C017374-C239-48A5-A252-2E6B72C57080} = {55E402DD-18E3-4E9F-A516-A1694A0BC86D}
		{F124117E-F62F-451F-B829-4ED62372B43A} = {AA696566-0DC0-430A-A894-2C52E4433F43}
		{A6308351-A6D6-4B2A-AE6D-208CDB1A5396} = {6B1596BD-3981-489A-849B-C142A9D38264}
		{C211C44B-90D3-4E5A-8F75-5A4D57C632B0} = {6B1596BD-3981-489A-849B-C142A9D38264}
		{9ACC2F35-F14A-4FEC-81C8-1ED1126251E9} = {6B1596BD-3981-489A-849B-C142A9D38264}
		{73652FA7-9E6A-4E45-BD32-B5A433F33FD5} = {725E3C8A-9A5D-4932-8CEB-FFE3C891F0D5}
		{E6411EB6-767C-44F6-AC6F-6091EC10D20D} = {725E3C8A-9A5D-4932-8CEB-FFE3C891F0D5}
		{D6C28B0C-E052-4073-8F3D-22AED30379FA} = {725E3C8A-9A5D-4932-8CEB-FFE3C891F0D5}
		{71FB8840-6B31-4153-A572-E6E8FE2B8AD1} = {725E3C8A-9A5D-4932-8CEB-FFE3C891F0D5}
		{13FD4DAA-4990-47E5-A29B-0FF47E3260E7} = {725E3C8A-9A5D-4932-8CEB-FFE3C891F0D5}
	EndGlobalSection
EndGlobal
