
Microsoft Visual Studio Solution File, Format Version 12.00
# Visual Studio 15
VisualStudioVersion = 15.0.26730.16
MinimumVisualStudioVersion = 10.0.40219.1
Project("{2150E333-8FDC-42A3-9474-1A3956D46DE8}") = "(Solution Items)", "(Solution Items)", "{55E402DD-18E3-4E9F-A516-A1694A0BC86D}"
	ProjectSection(SolutionItems) = preProject
		.gitignore = .gitignore
		LICENSE.md = LICENSE.md
		README.md = README.md
		.editorconfig = .editorconfig
		Directory.Build.props = Directory.Build.props
		.gitattributes = .gitattributes
	EndProjectSection
EndProject
Project("{2150E333-8FDC-42A3-9474-1A3956D46DE8}") = "Examples", "Examples", "{5B995C24-B8BE-46E8-8B0B-1254641F31A0}"
ProjectSection(SolutionItems) = preProject
	examples\Directory.Build.props = examples\Directory.Build.props
EndProjectSection
EndProject
Project("{FAE04EC0-301F-11D3-BF4B-00C04F79EFBC}") = "Surreal.Example.Minecraft", "examples\Surreal.Example.Minecraft\Surreal.Example.Minecraft.csproj", "{08AE8BC7-81FE-43A6-96A7-BC7910AF09EE}"
EndProject
Project("{FAE04EC0-301F-11D3-BF4B-00C04F79EFBC}") = "Surreal.Example.Isaac", "examples\Surreal.Example.Isaac\Surreal.Example.Isaac.csproj", "{2EC4AA7A-3566-465F-888E-75F1986C9167}"
EndProject
Project("{FAE04EC0-301F-11D3-BF4B-00C04F79EFBC}") = "Surreal.Example.HelloWorld", "examples\Surreal.Example.HelloWorld\Surreal.Example.HelloWorld.csproj", "{7570FF55-0C5D-4E52-BE67-ED3307EAD128}"
EndProject
Project("{FAE04EC0-301F-11D3-BF4B-00C04F79EFBC}") = "Surreal.Example.Headless", "examples\Surreal.Example.Headless\Surreal.Example.Headless.csproj", "{1A9C80BC-C2FF-418E-B6AE-15B6FEA59EEE}"
EndProject
Project("{FAE04EC0-301F-11D3-BF4B-00C04F79EFBC}") = "Surreal.Example.Asteroids", "examples\Surreal.Example.Asteroids\Surreal.Example.Asteroids.csproj", "{F668126A-6AA9-4081-8AB1-1B6626DDFF7D}"
EndProject
Project("{2150E333-8FDC-42A3-9474-1A3956D46DE8}") = "Workflows", "Workflows", "{DDEB73C7-6BB8-4F6F-822B-FDD77637B89D}"
ProjectSection(SolutionItems) = preProject
	.github\workflows\build-and-package.yml = .github\workflows\build-and-package.yml
EndProjectSection
EndProject
Project("{2150E333-8FDC-42A3-9474-1A3956D46DE8}") = "Modules", "Modules", "{E7739C9D-8FE6-4B33-8363-4717FBC0E7E7}"
	ProjectSection(SolutionItems) = preProject
		modules\Directory.Build.props = modules\Directory.Build.props
	EndProjectSection
EndProject
Project("{FAE04EC0-301F-11D3-BF4B-00C04F79EFBC}") = "Surreal.Modules.AI", "modules\Surreal.Modules.AI\Surreal.Modules.AI.csproj", "{CFFBB1E0-D983-4C1A-9FFB-EAEE407E7E48}"
EndProject
Project("{2150E333-8FDC-42A3-9474-1A3956D46DE8}") = "Platforms", "Platforms", "{B9125AD4-8943-45DC-993A-5D1B179F9041}"
	ProjectSection(SolutionItems) = preProject
		platforms\Directory.Build.props = platforms\Directory.Build.props
	EndProjectSection
EndProject
Project("{FAE04EC0-301F-11D3-BF4B-00C04F79EFBC}") = "Surreal.Platform", "platforms\Surreal.Platform\Surreal.Platform.csproj", "{3B54B394-875D-4FCC-AF23-8AEA8E1D72DC}"
EndProject
Project("{FAE04EC0-301F-11D3-BF4B-00C04F79EFBC}") = "Surreal.Platform.Desktop", "platforms\Surreal.Platform.Desktop\Surreal.Platform.Desktop.csproj", "{1C10B675-E06F-4B79-A094-428F0B9B7EDA}"
EndProject
Project("{FAE04EC0-301F-11D3-BF4B-00C04F79EFBC}") = "Surreal.Platform.Headless", "platforms\Surreal.Platform.Headless\Surreal.Platform.Headless.csproj", "{658A0EA9-5267-482D-8CE9-37E1015FC92B}"
EndProject
Project("{FAE04EC0-301F-11D3-BF4B-00C04F79EFBC}") = "Surreal.Modules.Prototyping", "modules\Surreal.Modules.Prototyping\Surreal.Modules.Prototyping.csproj", "{C5AC0384-34B5-4A42-ADF3-A5E3E11EE060}"
EndProject
Project("{FAE04EC0-301F-11D3-BF4B-00C04F79EFBC}") = "Surreal.Modules.Actors", "modules\Surreal.Modules.Actors\Surreal.Modules.Actors.csproj", "{73DFE59A-87BD-439D-BEBE-DD16A89984FA}"
EndProject
Project("{FAE04EC0-301F-11D3-BF4B-00C04F79EFBC}") = "Surreal.Modules.UI", "modules\Surreal.Modules.UI\Surreal.Modules.UI.csproj", "{6144D40B-E4BB-4BEB-B992-0D1E9327932C}"
EndProject
Project("{2150E333-8FDC-42A3-9474-1A3956D46DE8}") = "Toolkits", "Toolkits", "{476BBC1C-3546-47CA-9AE4-C7E03DEBC2FF}"
EndProject
Project("{FAE04EC0-301F-11D3-BF4B-00C04F79EFBC}") = "Surreal.Audio", "core\Surreal.Audio\Surreal.Audio.csproj", "{D3E70339-84C6-4CE0-A7EE-8C7E5BBB7CDB}"
EndProject
Project("{FAE04EC0-301F-11D3-BF4B-00C04F79EFBC}") = "Surreal.Audio.Tests", "core\Surreal.Audio.Tests\Surreal.Audio.Tests.csproj", "{E82F5C61-EF99-427E-9E35-D293D5D7D064}"
EndProject
Project("{FAE04EC0-301F-11D3-BF4B-00C04F79EFBC}") = "Surreal.Common", "core\Surreal.Common\Surreal.Common.csproj", "{96F58BD8-0DFE-41D3-9730-9EF016FEAD15}"
EndProject
Project("{FAE04EC0-301F-11D3-BF4B-00C04F79EFBC}") = "Surreal.Common.Tests", "core\Surreal.Common.Tests\Surreal.Common.Tests.csproj", "{EE74E2E8-751B-487A-988E-D84F13A84DCA}"
EndProject
Project("{FAE04EC0-301F-11D3-BF4B-00C04F79EFBC}") = "Surreal.Compute", "core\Surreal.Compute\Surreal.Compute.csproj", "{98A81619-4BE9-4D02-909E-40821842DCB1}"
EndProject
Project("{FAE04EC0-301F-11D3-BF4B-00C04F79EFBC}") = "Surreal.Compute.Tests", "core\Surreal.Compute.Tests\Surreal.Compute.Tests.csproj", "{52F6DF38-8416-4276-AF73-7750643C6306}"
EndProject
Project("{FAE04EC0-301F-11D3-BF4B-00C04F79EFBC}") = "Surreal.Framework", "core\Surreal.Framework\Surreal.Framework.csproj", "{C7C74A6A-5A87-4BB7-93E5-62A40FE6A3E7}"
EndProject
Project("{FAE04EC0-301F-11D3-BF4B-00C04F79EFBC}") = "Surreal.Framework.Tests", "core\Surreal.Framework.Tests\Surreal.Framework.Tests.csproj", "{44FEBBD2-00FA-4F82-B61A-54A738ED9554}"
EndProject
Project("{FAE04EC0-301F-11D3-BF4B-00C04F79EFBC}") = "Surreal.Graphics", "core\Surreal.Graphics\Surreal.Graphics.csproj", "{DE8CDBE5-B904-4D11-B41D-4A5E0F10259E}"
EndProject
Project("{FAE04EC0-301F-11D3-BF4B-00C04F79EFBC}") = "Surreal.Graphics.Tests", "core\Surreal.Graphics.Tests\Surreal.Graphics.Tests.csproj", "{3DBCE11D-E8D7-4BCF-93FE-F8E13BCFADC4}"
EndProject
Project("{FAE04EC0-301F-11D3-BF4B-00C04F79EFBC}") = "Surreal.Input", "core\Surreal.Input\Surreal.Input.csproj", "{8B633986-CBB1-4AF1-9024-64647C547651}"
EndProject
Project("{FAE04EC0-301F-11D3-BF4B-00C04F79EFBC}") = "Surreal.Input.Tests", "core\Surreal.Input.Tests\Surreal.Input.Tests.csproj", "{7BD4DE39-AA84-4317-98D5-38385EF842AA}"
EndProject
Project("{FAE04EC0-301F-11D3-BF4B-00C04F79EFBC}") = "Surreal.Modules.Actors.Tests", "modules\Surreal.Modules.Actors.Tests\Surreal.Modules.Actors.Tests.csproj", "{CA3D10FB-C8B7-46B2-8FA9-DC50F03F4153}"
EndProject
Project("{FAE04EC0-301F-11D3-BF4B-00C04F79EFBC}") = "Surreal.Modules.AI.Tests", "modules\Surreal.Modules.AI.Tests\Surreal.Modules.AI.Tests.csproj", "{FD380E28-AC77-46F1-9384-FE7F0C7B8DDD}"
EndProject
Project("{FAE04EC0-301F-11D3-BF4B-00C04F79EFBC}") = "Surreal.Modules.Prototyping.Tests", "modules\Surreal.Modules.Prototyping.Tests\Surreal.Modules.Prototyping.Tests.csproj", "{AA671892-13FE-4527-9727-62AE6BE6C5C1}"
EndProject
Project("{FAE04EC0-301F-11D3-BF4B-00C04F79EFBC}") = "Surreal.Modules.UI.Tests", "modules\Surreal.Modules.UI.Tests\Surreal.Modules.UI.Tests.csproj", "{0B72E412-C412-4D47-975E-25884FF8222F}"
EndProject
Project("{FAE04EC0-301F-11D3-BF4B-00C04F79EFBC}") = "Surreal.Example.Minimal", "examples\Surreal.Example.Minimal\Surreal.Example.Minimal.csproj", "{FD76508C-8ECC-4F46-B504-2CBE88C67804}"
EndProject
Project("{FAE04EC0-301F-11D3-BF4B-00C04F79EFBC}") = "Surreal.Example.Minecraft.Tests", "examples\Surreal.Example.Minecraft.Tests\Surreal.Example.Minecraft.Tests.csproj", "{CD736D7D-1D81-4F96-879E-89AB22B6C343}"
EndProject
Project("{FAE04EC0-301F-11D3-BF4B-00C04F79EFBC}") = "Surreal.Example.Isaac.Tests", "examples\Surreal.Example.Isaac.Tests\Surreal.Example.Isaac.Tests.csproj", "{29A7451C-8506-43B6-B5D5-862B3545CEFF}"
EndProject
Project("{FAE04EC0-301F-11D3-BF4B-00C04F79EFBC}") = "Surreal.Platform.Desktop.Tests", "platforms\Surreal.Platform.Desktop.Tests\Surreal.Platform.Desktop.Tests.csproj", "{5E542B1D-AA4F-459B-A665-07D1EF7A38DC}"
EndProject
Project("{FAE04EC0-301F-11D3-BF4B-00C04F79EFBC}") = "Surreal.Platform.Headless.Tests", "platforms\Surreal.Platform.Headless.Tests\Surreal.Platform.Headless.Tests.csproj", "{77E61EE3-ABF0-4D88-8173-2186BA06DD48}"
EndProject
Project("{FAE04EC0-301F-11D3-BF4B-00C04F79EFBC}") = "Surreal.Testing", "core\Surreal.Testing\Surreal.Testing.csproj", "{1762352E-5F41-4692-A1E5-4320C6341E2F}"
EndProject
Project("{FAE04EC0-301F-11D3-BF4B-00C04F79EFBC}") = "Surreal.Example.Asteroids.Tests", "examples\Surreal.Example.Asteroids.Tests\Surreal.Example.Asteroids.Tests.csproj", "{FBF31C29-3148-4887-B2A6-648F4F862B5B}"
EndProject
Project("{FAE04EC0-301F-11D3-BF4B-00C04F79EFBC}") = "Surreal.Example.Headless.Tests", "examples\Surreal.Example.Headless.Tests\Surreal.Example.Headless.Tests.csproj", "{DF898618-2B0A-49A6-8138-9371D0A98A51}"
EndProject
Project("{FAE04EC0-301F-11D3-BF4B-00C04F79EFBC}") = "Surreal.Example.HelloWorld.Tests", "examples\Surreal.Example.HelloWorld.Tests\Surreal.Example.HelloWorld.Tests.csproj", "{A86C6F86-6814-4B5A-900B-FBC9F7CEA4F2}"
EndProject
Project("{2150E333-8FDC-42A3-9474-1A3956D46DE8}") = "Core", "Core", "{F21AB6AB-D52B-4AFA-A2A4-1848E44D3ACE}"
EndProject
Project("{FAE04EC0-301F-11D3-BF4B-00C04F79EFBC}") = "Surreal.Editing", "core\Surreal.Editing\Surreal.Editing.csproj", "{1C2A315D-F52B-4149-AD42-DAC7076DBDCB}"
EndProject
Project("{FAE04EC0-301F-11D3-BF4B-00C04F79EFBC}") = "Surreal.Editing.Tests", "core\Surreal.Editing.Tests\Surreal.Editing.Tests.csproj", "{10B394AF-E1FE-4C4C-A69E-7F5EF0B1A7C9}"
EndProject
Project("{FAE04EC0-301F-11D3-BF4B-00C04F79EFBC}") = "Surreal.Scripting", "core\Surreal.Scripting\Surreal.Scripting.csproj", "{C02FB9CB-D673-4173-80A4-B2D46C965AF2}"
EndProject
Project("{FAE04EC0-301F-11D3-BF4B-00C04F79EFBC}") = "Surreal.Scripting.Tests", "core\Surreal.Scripting.Tests\Surreal.Scripting.Tests.csproj", "{A53285C7-6E33-4445-8937-B627D0E186F3}"
EndProject
Project("{FAE04EC0-301F-11D3-BF4B-00C04F79EFBC}") = "Surreal.Networking", "core\Surreal.Networking\Surreal.Networking.csproj", "{DD82535F-B8E0-42C8-A2AC-A0D4D3C978F4}"
EndProject
Project("{FAE04EC0-301F-11D3-BF4B-00C04F79EFBC}") = "Surreal.Networking.Tests", "core\Surreal.Networking.Tests\Surreal.Networking.Tests.csproj", "{DAFBF89C-2E49-487B-B615-67BEBE20A724}"
EndProject
Project("{FAE04EC0-301F-11D3-BF4B-00C04F79EFBC}") = "Surreal.Physics", "core\Surreal.Physics\Surreal.Physics.csproj", "{940A8376-16AA-4DE6-BDC8-A23EA8DA9026}"
EndProject
Project("{FAE04EC0-301F-11D3-BF4B-00C04F79EFBC}") = "Surreal.Physics.Tests", "core\Surreal.Physics.Tests\Surreal.Physics.Tests.csproj", "{CFA70889-B8DC-4A62-B373-B4FF887C0AE8}"
EndProject
Project("{FAE04EC0-301F-11D3-BF4B-00C04F79EFBC}") = "Surreal.Modules.Blueprints", "modules\Surreal.Modules.Blueprints\Surreal.Modules.Blueprints.csproj", "{16ABE188-FEE3-4BDC-8B1A-A98A1FE84743}"
EndProject
Project("{FAE04EC0-301F-11D3-BF4B-00C04F79EFBC}") = "Surreal.Modules.Blueprints.Tests", "modules\Surreal.Modules.Blueprints.Tests\Surreal.Modules.Blueprints.Tests.csproj", "{34862CD4-E933-4CD0-B9BF-B1C3662A7D96}"
EndProject
Project("{FAE04EC0-301F-11D3-BF4B-00C04F79EFBC}") = "Surreal.Example.Perimeter", "examples\Surreal.Example.Perimeter\Surreal.Example.Perimeter.csproj", "{7C5108EA-2855-4257-81E2-E1F3E8A93171}"
EndProject
Project("{FAE04EC0-301F-11D3-BF4B-00C04F79EFBC}") = "Surreal.Example.Perimeter.Tests", "examples\Surreal.Example.Perimeter.Tests\Surreal.Example.Perimeter.Tests.csproj", "{DB43756F-DDEA-4668-AB62-E73B4B9A212E}"
EndProject
Project("{FAE04EC0-301F-11D3-BF4B-00C04F79EFBC}") = "Surreal.Example.Minimal.Console", "examples\Surreal.Example.Minimal.Console\Surreal.Example.Minimal.Console.csproj", "{89BE2C58-71A2-4583-A7B3-164B8AD45DDE}"
EndProject
Project("{FAE04EC0-301F-11D3-BF4B-00C04F79EFBC}") = "Surreal.Example.Avventura", "examples\Surreal.Example.Avventura\Surreal.Example.Avventura.csproj", "{60F874A0-EEBD-4A9E-BC52-C4E98483FC5E}"
EndProject
Project("{FAE04EC0-301F-11D3-BF4B-00C04F79EFBC}") = "Surreal.Example.Avventura.Tests", "examples\Surreal.Example.Avventura.Tests\Surreal.Example.Avventura.Tests.csproj", "{B805848D-95BE-4A3B-99FB-E4CD1A1CD7FB}"
EndProject
Project("{FAE04EC0-301F-11D3-BF4B-00C04F79EFBC}") = "Surreal.Modules.Combat", "modules\Surreal.Modules.Combat\Surreal.Modules.Combat.csproj", "{50B71D5C-48F3-4678-B594-E0076701A97D}"
EndProject
Project("{FAE04EC0-301F-11D3-BF4B-00C04F79EFBC}") = "Surreal.Modules.Combat.Tests", "modules\Surreal.Modules.Combat.Tests\Surreal.Modules.Combat.Tests.csproj", "{696970A8-F4B4-4B82-9D1D-C9D7E6B379EA}"
EndProject
Project("{FAE04EC0-301F-11D3-BF4B-00C04F79EFBC}") = "Surreal.Modules.Crafting", "modules\Surreal.Modules.Crafting\Surreal.Modules.Crafting.csproj", "{5ABE4A0D-A0C6-4925-95E9-72A7EB0C4D80}"
EndProject
Project("{FAE04EC0-301F-11D3-BF4B-00C04F79EFBC}") = "Surreal.Modules.Crafting.Tests", "modules\Surreal.Modules.Crafting.Tests\Surreal.Modules.Crafting.Tests.csproj", "{95E3AD08-53D4-4C99-B756-196B1C9515BB}"
EndProject
Project("{FAE04EC0-301F-11D3-BF4B-00C04F79EFBC}") = "Surreal.Modules.Roguelike", "modules\Surreal.Modules.Roguelike\Surreal.Modules.Roguelike.csproj", "{84E15A6C-E3E7-488C-9FBF-D12255B3445F}"
EndProject
Project("{FAE04EC0-301F-11D3-BF4B-00C04F79EFBC}") = "Surreal.Modules.Roguelike.Tests", "modules\Surreal.Modules.Roguelike.Tests\Surreal.Modules.Roguelike.Tests.csproj", "{7F988A04-45D9-409C-83B4-56DC0663F9AD}"
EndProject
Project("{FAE04EC0-301F-11D3-BF4B-00C04F79EFBC}") = "Surreal.Modules.Strategy", "modules\Surreal.Modules.Strategy\Surreal.Modules.Strategy.csproj", "{42B9D2B3-6AF9-4766-B234-D78B8A6F4CA5}"
EndProject
Project("{FAE04EC0-301F-11D3-BF4B-00C04F79EFBC}") = "Surreal.Modules.Strategy.Tests", "modules\Surreal.Modules.Strategy.Tests\Surreal.Modules.Strategy.Tests.csproj", "{86C6525F-E0F5-4ECD-A832-E836383031E7}"
EndProject
Global
	GlobalSection(SolutionConfigurationPlatforms) = preSolution
		Debug|Any CPU = Debug|Any CPU
		Release|Any CPU = Release|Any CPU
	EndGlobalSection
	GlobalSection(ProjectConfigurationPlatforms) = postSolution
		{08AE8BC7-81FE-43A6-96A7-BC7910AF09EE}.Debug|Any CPU.ActiveCfg = Debug|Any CPU
		{08AE8BC7-81FE-43A6-96A7-BC7910AF09EE}.Debug|Any CPU.Build.0 = Debug|Any CPU
		{08AE8BC7-81FE-43A6-96A7-BC7910AF09EE}.Release|Any CPU.ActiveCfg = Release|Any CPU
		{08AE8BC7-81FE-43A6-96A7-BC7910AF09EE}.Release|Any CPU.Build.0 = Release|Any CPU
		{2EC4AA7A-3566-465F-888E-75F1986C9167}.Debug|Any CPU.ActiveCfg = Debug|Any CPU
		{2EC4AA7A-3566-465F-888E-75F1986C9167}.Debug|Any CPU.Build.0 = Debug|Any CPU
		{2EC4AA7A-3566-465F-888E-75F1986C9167}.Release|Any CPU.ActiveCfg = Release|Any CPU
		{2EC4AA7A-3566-465F-888E-75F1986C9167}.Release|Any CPU.Build.0 = Release|Any CPU
		{7570FF55-0C5D-4E52-BE67-ED3307EAD128}.Debug|Any CPU.ActiveCfg = Debug|Any CPU
		{7570FF55-0C5D-4E52-BE67-ED3307EAD128}.Debug|Any CPU.Build.0 = Debug|Any CPU
		{7570FF55-0C5D-4E52-BE67-ED3307EAD128}.Release|Any CPU.ActiveCfg = Release|Any CPU
		{7570FF55-0C5D-4E52-BE67-ED3307EAD128}.Release|Any CPU.Build.0 = Release|Any CPU
		{1A9C80BC-C2FF-418E-B6AE-15B6FEA59EEE}.Debug|Any CPU.ActiveCfg = Debug|Any CPU
		{1A9C80BC-C2FF-418E-B6AE-15B6FEA59EEE}.Debug|Any CPU.Build.0 = Debug|Any CPU
		{1A9C80BC-C2FF-418E-B6AE-15B6FEA59EEE}.Release|Any CPU.ActiveCfg = Release|Any CPU
		{1A9C80BC-C2FF-418E-B6AE-15B6FEA59EEE}.Release|Any CPU.Build.0 = Release|Any CPU
		{F668126A-6AA9-4081-8AB1-1B6626DDFF7D}.Debug|Any CPU.ActiveCfg = Debug|Any CPU
		{F668126A-6AA9-4081-8AB1-1B6626DDFF7D}.Debug|Any CPU.Build.0 = Debug|Any CPU
		{F668126A-6AA9-4081-8AB1-1B6626DDFF7D}.Release|Any CPU.ActiveCfg = Release|Any CPU
		{F668126A-6AA9-4081-8AB1-1B6626DDFF7D}.Release|Any CPU.Build.0 = Release|Any CPU
		{CFFBB1E0-D983-4C1A-9FFB-EAEE407E7E48}.Debug|Any CPU.ActiveCfg = Debug|Any CPU
		{CFFBB1E0-D983-4C1A-9FFB-EAEE407E7E48}.Debug|Any CPU.Build.0 = Debug|Any CPU
		{CFFBB1E0-D983-4C1A-9FFB-EAEE407E7E48}.Release|Any CPU.ActiveCfg = Release|Any CPU
		{CFFBB1E0-D983-4C1A-9FFB-EAEE407E7E48}.Release|Any CPU.Build.0 = Release|Any CPU
		{3B54B394-875D-4FCC-AF23-8AEA8E1D72DC}.Debug|Any CPU.ActiveCfg = Debug|Any CPU
		{3B54B394-875D-4FCC-AF23-8AEA8E1D72DC}.Debug|Any CPU.Build.0 = Debug|Any CPU
		{3B54B394-875D-4FCC-AF23-8AEA8E1D72DC}.Release|Any CPU.ActiveCfg = Release|Any CPU
		{3B54B394-875D-4FCC-AF23-8AEA8E1D72DC}.Release|Any CPU.Build.0 = Release|Any CPU
		{1C10B675-E06F-4B79-A094-428F0B9B7EDA}.Debug|Any CPU.ActiveCfg = Debug|Any CPU
		{1C10B675-E06F-4B79-A094-428F0B9B7EDA}.Debug|Any CPU.Build.0 = Debug|Any CPU
		{1C10B675-E06F-4B79-A094-428F0B9B7EDA}.Release|Any CPU.ActiveCfg = Release|Any CPU
		{1C10B675-E06F-4B79-A094-428F0B9B7EDA}.Release|Any CPU.Build.0 = Release|Any CPU
		{658A0EA9-5267-482D-8CE9-37E1015FC92B}.Debug|Any CPU.ActiveCfg = Debug|Any CPU
		{658A0EA9-5267-482D-8CE9-37E1015FC92B}.Debug|Any CPU.Build.0 = Debug|Any CPU
		{658A0EA9-5267-482D-8CE9-37E1015FC92B}.Release|Any CPU.ActiveCfg = Release|Any CPU
		{658A0EA9-5267-482D-8CE9-37E1015FC92B}.Release|Any CPU.Build.0 = Release|Any CPU
		{C5AC0384-34B5-4A42-ADF3-A5E3E11EE060}.Debug|Any CPU.ActiveCfg = Debug|Any CPU
		{C5AC0384-34B5-4A42-ADF3-A5E3E11EE060}.Debug|Any CPU.Build.0 = Debug|Any CPU
		{C5AC0384-34B5-4A42-ADF3-A5E3E11EE060}.Release|Any CPU.ActiveCfg = Release|Any CPU
		{C5AC0384-34B5-4A42-ADF3-A5E3E11EE060}.Release|Any CPU.Build.0 = Release|Any CPU
		{73DFE59A-87BD-439D-BEBE-DD16A89984FA}.Debug|Any CPU.ActiveCfg = Debug|Any CPU
		{73DFE59A-87BD-439D-BEBE-DD16A89984FA}.Debug|Any CPU.Build.0 = Debug|Any CPU
		{73DFE59A-87BD-439D-BEBE-DD16A89984FA}.Release|Any CPU.ActiveCfg = Release|Any CPU
		{73DFE59A-87BD-439D-BEBE-DD16A89984FA}.Release|Any CPU.Build.0 = Release|Any CPU
		{6144D40B-E4BB-4BEB-B992-0D1E9327932C}.Debug|Any CPU.ActiveCfg = Debug|Any CPU
		{6144D40B-E4BB-4BEB-B992-0D1E9327932C}.Debug|Any CPU.Build.0 = Debug|Any CPU
		{6144D40B-E4BB-4BEB-B992-0D1E9327932C}.Release|Any CPU.ActiveCfg = Release|Any CPU
		{6144D40B-E4BB-4BEB-B992-0D1E9327932C}.Release|Any CPU.Build.0 = Release|Any CPU
		{D3E70339-84C6-4CE0-A7EE-8C7E5BBB7CDB}.Debug|Any CPU.ActiveCfg = Debug|Any CPU
		{D3E70339-84C6-4CE0-A7EE-8C7E5BBB7CDB}.Debug|Any CPU.Build.0 = Debug|Any CPU
		{D3E70339-84C6-4CE0-A7EE-8C7E5BBB7CDB}.Release|Any CPU.ActiveCfg = Release|Any CPU
		{D3E70339-84C6-4CE0-A7EE-8C7E5BBB7CDB}.Release|Any CPU.Build.0 = Release|Any CPU
		{E82F5C61-EF99-427E-9E35-D293D5D7D064}.Debug|Any CPU.ActiveCfg = Debug|Any CPU
		{E82F5C61-EF99-427E-9E35-D293D5D7D064}.Debug|Any CPU.Build.0 = Debug|Any CPU
		{E82F5C61-EF99-427E-9E35-D293D5D7D064}.Release|Any CPU.ActiveCfg = Release|Any CPU
		{E82F5C61-EF99-427E-9E35-D293D5D7D064}.Release|Any CPU.Build.0 = Release|Any CPU
		{96F58BD8-0DFE-41D3-9730-9EF016FEAD15}.Debug|Any CPU.ActiveCfg = Debug|Any CPU
		{96F58BD8-0DFE-41D3-9730-9EF016FEAD15}.Debug|Any CPU.Build.0 = Debug|Any CPU
		{96F58BD8-0DFE-41D3-9730-9EF016FEAD15}.Release|Any CPU.ActiveCfg = Release|Any CPU
		{96F58BD8-0DFE-41D3-9730-9EF016FEAD15}.Release|Any CPU.Build.0 = Release|Any CPU
		{EE74E2E8-751B-487A-988E-D84F13A84DCA}.Debug|Any CPU.ActiveCfg = Debug|Any CPU
		{EE74E2E8-751B-487A-988E-D84F13A84DCA}.Debug|Any CPU.Build.0 = Debug|Any CPU
		{EE74E2E8-751B-487A-988E-D84F13A84DCA}.Release|Any CPU.ActiveCfg = Release|Any CPU
		{EE74E2E8-751B-487A-988E-D84F13A84DCA}.Release|Any CPU.Build.0 = Release|Any CPU
		{98A81619-4BE9-4D02-909E-40821842DCB1}.Debug|Any CPU.ActiveCfg = Debug|Any CPU
		{98A81619-4BE9-4D02-909E-40821842DCB1}.Debug|Any CPU.Build.0 = Debug|Any CPU
		{98A81619-4BE9-4D02-909E-40821842DCB1}.Release|Any CPU.ActiveCfg = Release|Any CPU
		{98A81619-4BE9-4D02-909E-40821842DCB1}.Release|Any CPU.Build.0 = Release|Any CPU
		{52F6DF38-8416-4276-AF73-7750643C6306}.Debug|Any CPU.ActiveCfg = Debug|Any CPU
		{52F6DF38-8416-4276-AF73-7750643C6306}.Debug|Any CPU.Build.0 = Debug|Any CPU
		{52F6DF38-8416-4276-AF73-7750643C6306}.Release|Any CPU.ActiveCfg = Release|Any CPU
		{52F6DF38-8416-4276-AF73-7750643C6306}.Release|Any CPU.Build.0 = Release|Any CPU
		{C7C74A6A-5A87-4BB7-93E5-62A40FE6A3E7}.Debug|Any CPU.ActiveCfg = Debug|Any CPU
		{C7C74A6A-5A87-4BB7-93E5-62A40FE6A3E7}.Debug|Any CPU.Build.0 = Debug|Any CPU
		{C7C74A6A-5A87-4BB7-93E5-62A40FE6A3E7}.Release|Any CPU.ActiveCfg = Release|Any CPU
		{C7C74A6A-5A87-4BB7-93E5-62A40FE6A3E7}.Release|Any CPU.Build.0 = Release|Any CPU
		{44FEBBD2-00FA-4F82-B61A-54A738ED9554}.Debug|Any CPU.ActiveCfg = Debug|Any CPU
		{44FEBBD2-00FA-4F82-B61A-54A738ED9554}.Debug|Any CPU.Build.0 = Debug|Any CPU
		{44FEBBD2-00FA-4F82-B61A-54A738ED9554}.Release|Any CPU.ActiveCfg = Release|Any CPU
		{44FEBBD2-00FA-4F82-B61A-54A738ED9554}.Release|Any CPU.Build.0 = Release|Any CPU
		{DE8CDBE5-B904-4D11-B41D-4A5E0F10259E}.Debug|Any CPU.ActiveCfg = Debug|Any CPU
		{DE8CDBE5-B904-4D11-B41D-4A5E0F10259E}.Debug|Any CPU.Build.0 = Debug|Any CPU
		{DE8CDBE5-B904-4D11-B41D-4A5E0F10259E}.Release|Any CPU.ActiveCfg = Release|Any CPU
		{DE8CDBE5-B904-4D11-B41D-4A5E0F10259E}.Release|Any CPU.Build.0 = Release|Any CPU
		{3DBCE11D-E8D7-4BCF-93FE-F8E13BCFADC4}.Debug|Any CPU.ActiveCfg = Debug|Any CPU
		{3DBCE11D-E8D7-4BCF-93FE-F8E13BCFADC4}.Debug|Any CPU.Build.0 = Debug|Any CPU
		{3DBCE11D-E8D7-4BCF-93FE-F8E13BCFADC4}.Release|Any CPU.ActiveCfg = Release|Any CPU
		{3DBCE11D-E8D7-4BCF-93FE-F8E13BCFADC4}.Release|Any CPU.Build.0 = Release|Any CPU
		{8B633986-CBB1-4AF1-9024-64647C547651}.Debug|Any CPU.ActiveCfg = Debug|Any CPU
		{8B633986-CBB1-4AF1-9024-64647C547651}.Debug|Any CPU.Build.0 = Debug|Any CPU
		{8B633986-CBB1-4AF1-9024-64647C547651}.Release|Any CPU.ActiveCfg = Release|Any CPU
		{8B633986-CBB1-4AF1-9024-64647C547651}.Release|Any CPU.Build.0 = Release|Any CPU
		{7BD4DE39-AA84-4317-98D5-38385EF842AA}.Debug|Any CPU.ActiveCfg = Debug|Any CPU
		{7BD4DE39-AA84-4317-98D5-38385EF842AA}.Debug|Any CPU.Build.0 = Debug|Any CPU
		{7BD4DE39-AA84-4317-98D5-38385EF842AA}.Release|Any CPU.ActiveCfg = Release|Any CPU
		{7BD4DE39-AA84-4317-98D5-38385EF842AA}.Release|Any CPU.Build.0 = Release|Any CPU
		{CA3D10FB-C8B7-46B2-8FA9-DC50F03F4153}.Debug|Any CPU.ActiveCfg = Debug|Any CPU
		{CA3D10FB-C8B7-46B2-8FA9-DC50F03F4153}.Debug|Any CPU.Build.0 = Debug|Any CPU
		{CA3D10FB-C8B7-46B2-8FA9-DC50F03F4153}.Release|Any CPU.ActiveCfg = Release|Any CPU
		{CA3D10FB-C8B7-46B2-8FA9-DC50F03F4153}.Release|Any CPU.Build.0 = Release|Any CPU
		{FD380E28-AC77-46F1-9384-FE7F0C7B8DDD}.Debug|Any CPU.ActiveCfg = Debug|Any CPU
		{FD380E28-AC77-46F1-9384-FE7F0C7B8DDD}.Debug|Any CPU.Build.0 = Debug|Any CPU
		{FD380E28-AC77-46F1-9384-FE7F0C7B8DDD}.Release|Any CPU.ActiveCfg = Release|Any CPU
		{FD380E28-AC77-46F1-9384-FE7F0C7B8DDD}.Release|Any CPU.Build.0 = Release|Any CPU
		{AA671892-13FE-4527-9727-62AE6BE6C5C1}.Debug|Any CPU.ActiveCfg = Debug|Any CPU
		{AA671892-13FE-4527-9727-62AE6BE6C5C1}.Debug|Any CPU.Build.0 = Debug|Any CPU
		{AA671892-13FE-4527-9727-62AE6BE6C5C1}.Release|Any CPU.ActiveCfg = Release|Any CPU
		{AA671892-13FE-4527-9727-62AE6BE6C5C1}.Release|Any CPU.Build.0 = Release|Any CPU
		{0B72E412-C412-4D47-975E-25884FF8222F}.Debug|Any CPU.ActiveCfg = Debug|Any CPU
		{0B72E412-C412-4D47-975E-25884FF8222F}.Debug|Any CPU.Build.0 = Debug|Any CPU
		{0B72E412-C412-4D47-975E-25884FF8222F}.Release|Any CPU.ActiveCfg = Release|Any CPU
		{0B72E412-C412-4D47-975E-25884FF8222F}.Release|Any CPU.Build.0 = Release|Any CPU
		{FD76508C-8ECC-4F46-B504-2CBE88C67804}.Debug|Any CPU.ActiveCfg = Debug|Any CPU
		{FD76508C-8ECC-4F46-B504-2CBE88C67804}.Debug|Any CPU.Build.0 = Debug|Any CPU
		{FD76508C-8ECC-4F46-B504-2CBE88C67804}.Release|Any CPU.ActiveCfg = Release|Any CPU
		{FD76508C-8ECC-4F46-B504-2CBE88C67804}.Release|Any CPU.Build.0 = Release|Any CPU
		{CD736D7D-1D81-4F96-879E-89AB22B6C343}.Debug|Any CPU.ActiveCfg = Debug|Any CPU
		{CD736D7D-1D81-4F96-879E-89AB22B6C343}.Debug|Any CPU.Build.0 = Debug|Any CPU
		{CD736D7D-1D81-4F96-879E-89AB22B6C343}.Release|Any CPU.ActiveCfg = Release|Any CPU
		{CD736D7D-1D81-4F96-879E-89AB22B6C343}.Release|Any CPU.Build.0 = Release|Any CPU
		{29A7451C-8506-43B6-B5D5-862B3545CEFF}.Debug|Any CPU.ActiveCfg = Debug|Any CPU
		{29A7451C-8506-43B6-B5D5-862B3545CEFF}.Debug|Any CPU.Build.0 = Debug|Any CPU
		{29A7451C-8506-43B6-B5D5-862B3545CEFF}.Release|Any CPU.ActiveCfg = Release|Any CPU
		{29A7451C-8506-43B6-B5D5-862B3545CEFF}.Release|Any CPU.Build.0 = Release|Any CPU
		{5E542B1D-AA4F-459B-A665-07D1EF7A38DC}.Debug|Any CPU.ActiveCfg = Debug|Any CPU
		{5E542B1D-AA4F-459B-A665-07D1EF7A38DC}.Debug|Any CPU.Build.0 = Debug|Any CPU
		{5E542B1D-AA4F-459B-A665-07D1EF7A38DC}.Release|Any CPU.ActiveCfg = Release|Any CPU
		{5E542B1D-AA4F-459B-A665-07D1EF7A38DC}.Release|Any CPU.Build.0 = Release|Any CPU
		{77E61EE3-ABF0-4D88-8173-2186BA06DD48}.Debug|Any CPU.ActiveCfg = Debug|Any CPU
		{77E61EE3-ABF0-4D88-8173-2186BA06DD48}.Debug|Any CPU.Build.0 = Debug|Any CPU
		{77E61EE3-ABF0-4D88-8173-2186BA06DD48}.Release|Any CPU.ActiveCfg = Release|Any CPU
		{77E61EE3-ABF0-4D88-8173-2186BA06DD48}.Release|Any CPU.Build.0 = Release|Any CPU
		{1762352E-5F41-4692-A1E5-4320C6341E2F}.Debug|Any CPU.ActiveCfg = Debug|Any CPU
		{1762352E-5F41-4692-A1E5-4320C6341E2F}.Debug|Any CPU.Build.0 = Debug|Any CPU
		{1762352E-5F41-4692-A1E5-4320C6341E2F}.Release|Any CPU.ActiveCfg = Release|Any CPU
		{1762352E-5F41-4692-A1E5-4320C6341E2F}.Release|Any CPU.Build.0 = Release|Any CPU
		{FBF31C29-3148-4887-B2A6-648F4F862B5B}.Debug|Any CPU.ActiveCfg = Debug|Any CPU
		{FBF31C29-3148-4887-B2A6-648F4F862B5B}.Debug|Any CPU.Build.0 = Debug|Any CPU
		{FBF31C29-3148-4887-B2A6-648F4F862B5B}.Release|Any CPU.ActiveCfg = Release|Any CPU
		{FBF31C29-3148-4887-B2A6-648F4F862B5B}.Release|Any CPU.Build.0 = Release|Any CPU
		{DF898618-2B0A-49A6-8138-9371D0A98A51}.Debug|Any CPU.ActiveCfg = Debug|Any CPU
		{DF898618-2B0A-49A6-8138-9371D0A98A51}.Debug|Any CPU.Build.0 = Debug|Any CPU
		{DF898618-2B0A-49A6-8138-9371D0A98A51}.Release|Any CPU.ActiveCfg = Release|Any CPU
		{DF898618-2B0A-49A6-8138-9371D0A98A51}.Release|Any CPU.Build.0 = Release|Any CPU
		{A86C6F86-6814-4B5A-900B-FBC9F7CEA4F2}.Debug|Any CPU.ActiveCfg = Debug|Any CPU
		{A86C6F86-6814-4B5A-900B-FBC9F7CEA4F2}.Debug|Any CPU.Build.0 = Debug|Any CPU
		{A86C6F86-6814-4B5A-900B-FBC9F7CEA4F2}.Release|Any CPU.ActiveCfg = Release|Any CPU
		{A86C6F86-6814-4B5A-900B-FBC9F7CEA4F2}.Release|Any CPU.Build.0 = Release|Any CPU
		{1C2A315D-F52B-4149-AD42-DAC7076DBDCB}.Debug|Any CPU.ActiveCfg = Debug|Any CPU
		{1C2A315D-F52B-4149-AD42-DAC7076DBDCB}.Debug|Any CPU.Build.0 = Debug|Any CPU
		{1C2A315D-F52B-4149-AD42-DAC7076DBDCB}.Release|Any CPU.ActiveCfg = Release|Any CPU
		{1C2A315D-F52B-4149-AD42-DAC7076DBDCB}.Release|Any CPU.Build.0 = Release|Any CPU
		{10B394AF-E1FE-4C4C-A69E-7F5EF0B1A7C9}.Debug|Any CPU.ActiveCfg = Debug|Any CPU
		{10B394AF-E1FE-4C4C-A69E-7F5EF0B1A7C9}.Debug|Any CPU.Build.0 = Debug|Any CPU
		{10B394AF-E1FE-4C4C-A69E-7F5EF0B1A7C9}.Release|Any CPU.ActiveCfg = Release|Any CPU
		{10B394AF-E1FE-4C4C-A69E-7F5EF0B1A7C9}.Release|Any CPU.Build.0 = Release|Any CPU
		{C02FB9CB-D673-4173-80A4-B2D46C965AF2}.Debug|Any CPU.ActiveCfg = Debug|Any CPU
		{C02FB9CB-D673-4173-80A4-B2D46C965AF2}.Debug|Any CPU.Build.0 = Debug|Any CPU
		{C02FB9CB-D673-4173-80A4-B2D46C965AF2}.Release|Any CPU.ActiveCfg = Release|Any CPU
		{C02FB9CB-D673-4173-80A4-B2D46C965AF2}.Release|Any CPU.Build.0 = Release|Any CPU
		{A53285C7-6E33-4445-8937-B627D0E186F3}.Debug|Any CPU.ActiveCfg = Debug|Any CPU
		{A53285C7-6E33-4445-8937-B627D0E186F3}.Debug|Any CPU.Build.0 = Debug|Any CPU
		{A53285C7-6E33-4445-8937-B627D0E186F3}.Release|Any CPU.ActiveCfg = Release|Any CPU
		{A53285C7-6E33-4445-8937-B627D0E186F3}.Release|Any CPU.Build.0 = Release|Any CPU
		{DD82535F-B8E0-42C8-A2AC-A0D4D3C978F4}.Debug|Any CPU.ActiveCfg = Debug|Any CPU
		{DD82535F-B8E0-42C8-A2AC-A0D4D3C978F4}.Debug|Any CPU.Build.0 = Debug|Any CPU
		{DD82535F-B8E0-42C8-A2AC-A0D4D3C978F4}.Release|Any CPU.ActiveCfg = Release|Any CPU
		{DD82535F-B8E0-42C8-A2AC-A0D4D3C978F4}.Release|Any CPU.Build.0 = Release|Any CPU
		{DAFBF89C-2E49-487B-B615-67BEBE20A724}.Debug|Any CPU.ActiveCfg = Debug|Any CPU
		{DAFBF89C-2E49-487B-B615-67BEBE20A724}.Debug|Any CPU.Build.0 = Debug|Any CPU
		{DAFBF89C-2E49-487B-B615-67BEBE20A724}.Release|Any CPU.ActiveCfg = Release|Any CPU
		{DAFBF89C-2E49-487B-B615-67BEBE20A724}.Release|Any CPU.Build.0 = Release|Any CPU
		{940A8376-16AA-4DE6-BDC8-A23EA8DA9026}.Debug|Any CPU.ActiveCfg = Debug|Any CPU
		{940A8376-16AA-4DE6-BDC8-A23EA8DA9026}.Debug|Any CPU.Build.0 = Debug|Any CPU
		{940A8376-16AA-4DE6-BDC8-A23EA8DA9026}.Release|Any CPU.ActiveCfg = Release|Any CPU
		{940A8376-16AA-4DE6-BDC8-A23EA8DA9026}.Release|Any CPU.Build.0 = Release|Any CPU
		{CFA70889-B8DC-4A62-B373-B4FF887C0AE8}.Debug|Any CPU.ActiveCfg = Debug|Any CPU
		{CFA70889-B8DC-4A62-B373-B4FF887C0AE8}.Debug|Any CPU.Build.0 = Debug|Any CPU
		{CFA70889-B8DC-4A62-B373-B4FF887C0AE8}.Release|Any CPU.ActiveCfg = Release|Any CPU
		{CFA70889-B8DC-4A62-B373-B4FF887C0AE8}.Release|Any CPU.Build.0 = Release|Any CPU
		{16ABE188-FEE3-4BDC-8B1A-A98A1FE84743}.Debug|Any CPU.ActiveCfg = Debug|Any CPU
		{16ABE188-FEE3-4BDC-8B1A-A98A1FE84743}.Debug|Any CPU.Build.0 = Debug|Any CPU
		{16ABE188-FEE3-4BDC-8B1A-A98A1FE84743}.Release|Any CPU.ActiveCfg = Release|Any CPU
		{16ABE188-FEE3-4BDC-8B1A-A98A1FE84743}.Release|Any CPU.Build.0 = Release|Any CPU
		{34862CD4-E933-4CD0-B9BF-B1C3662A7D96}.Debug|Any CPU.ActiveCfg = Debug|Any CPU
		{34862CD4-E933-4CD0-B9BF-B1C3662A7D96}.Debug|Any CPU.Build.0 = Debug|Any CPU
		{34862CD4-E933-4CD0-B9BF-B1C3662A7D96}.Release|Any CPU.ActiveCfg = Release|Any CPU
		{34862CD4-E933-4CD0-B9BF-B1C3662A7D96}.Release|Any CPU.Build.0 = Release|Any CPU
		{7C5108EA-2855-4257-81E2-E1F3E8A93171}.Debug|Any CPU.ActiveCfg = Debug|Any CPU
		{7C5108EA-2855-4257-81E2-E1F3E8A93171}.Debug|Any CPU.Build.0 = Debug|Any CPU
		{7C5108EA-2855-4257-81E2-E1F3E8A93171}.Release|Any CPU.ActiveCfg = Release|Any CPU
		{7C5108EA-2855-4257-81E2-E1F3E8A93171}.Release|Any CPU.Build.0 = Release|Any CPU
		{DB43756F-DDEA-4668-AB62-E73B4B9A212E}.Debug|Any CPU.ActiveCfg = Debug|Any CPU
		{DB43756F-DDEA-4668-AB62-E73B4B9A212E}.Debug|Any CPU.Build.0 = Debug|Any CPU
		{DB43756F-DDEA-4668-AB62-E73B4B9A212E}.Release|Any CPU.ActiveCfg = Release|Any CPU
		{DB43756F-DDEA-4668-AB62-E73B4B9A212E}.Release|Any CPU.Build.0 = Release|Any CPU
		{89BE2C58-71A2-4583-A7B3-164B8AD45DDE}.Debug|Any CPU.ActiveCfg = Debug|Any CPU
		{89BE2C58-71A2-4583-A7B3-164B8AD45DDE}.Debug|Any CPU.Build.0 = Debug|Any CPU
		{89BE2C58-71A2-4583-A7B3-164B8AD45DDE}.Release|Any CPU.ActiveCfg = Release|Any CPU
		{89BE2C58-71A2-4583-A7B3-164B8AD45DDE}.Release|Any CPU.Build.0 = Release|Any CPU
		{60F874A0-EEBD-4A9E-BC52-C4E98483FC5E}.Debug|Any CPU.ActiveCfg = Debug|Any CPU
		{60F874A0-EEBD-4A9E-BC52-C4E98483FC5E}.Debug|Any CPU.Build.0 = Debug|Any CPU
		{60F874A0-EEBD-4A9E-BC52-C4E98483FC5E}.Release|Any CPU.ActiveCfg = Release|Any CPU
		{60F874A0-EEBD-4A9E-BC52-C4E98483FC5E}.Release|Any CPU.Build.0 = Release|Any CPU
		{B805848D-95BE-4A3B-99FB-E4CD1A1CD7FB}.Debug|Any CPU.ActiveCfg = Debug|Any CPU
		{B805848D-95BE-4A3B-99FB-E4CD1A1CD7FB}.Debug|Any CPU.Build.0 = Debug|Any CPU
		{B805848D-95BE-4A3B-99FB-E4CD1A1CD7FB}.Release|Any CPU.ActiveCfg = Release|Any CPU
		{B805848D-95BE-4A3B-99FB-E4CD1A1CD7FB}.Release|Any CPU.Build.0 = Release|Any CPU
		{50B71D5C-48F3-4678-B594-E0076701A97D}.Debug|Any CPU.ActiveCfg = Debug|Any CPU
		{50B71D5C-48F3-4678-B594-E0076701A97D}.Debug|Any CPU.Build.0 = Debug|Any CPU
		{50B71D5C-48F3-4678-B594-E0076701A97D}.Release|Any CPU.ActiveCfg = Release|Any CPU
		{50B71D5C-48F3-4678-B594-E0076701A97D}.Release|Any CPU.Build.0 = Release|Any CPU
		{696970A8-F4B4-4B82-9D1D-C9D7E6B379EA}.Debug|Any CPU.ActiveCfg = Debug|Any CPU
		{696970A8-F4B4-4B82-9D1D-C9D7E6B379EA}.Debug|Any CPU.Build.0 = Debug|Any CPU
		{696970A8-F4B4-4B82-9D1D-C9D7E6B379EA}.Release|Any CPU.ActiveCfg = Release|Any CPU
		{696970A8-F4B4-4B82-9D1D-C9D7E6B379EA}.Release|Any CPU.Build.0 = Release|Any CPU
		{5ABE4A0D-A0C6-4925-95E9-72A7EB0C4D80}.Debug|Any CPU.ActiveCfg = Debug|Any CPU
		{5ABE4A0D-A0C6-4925-95E9-72A7EB0C4D80}.Debug|Any CPU.Build.0 = Debug|Any CPU
		{5ABE4A0D-A0C6-4925-95E9-72A7EB0C4D80}.Release|Any CPU.ActiveCfg = Release|Any CPU
		{5ABE4A0D-A0C6-4925-95E9-72A7EB0C4D80}.Release|Any CPU.Build.0 = Release|Any CPU
		{95E3AD08-53D4-4C99-B756-196B1C9515BB}.Debug|Any CPU.ActiveCfg = Debug|Any CPU
		{95E3AD08-53D4-4C99-B756-196B1C9515BB}.Debug|Any CPU.Build.0 = Debug|Any CPU
		{95E3AD08-53D4-4C99-B756-196B1C9515BB}.Release|Any CPU.ActiveCfg = Release|Any CPU
		{95E3AD08-53D4-4C99-B756-196B1C9515BB}.Release|Any CPU.Build.0 = Release|Any CPU
		{84E15A6C-E3E7-488C-9FBF-D12255B3445F}.Debug|Any CPU.ActiveCfg = Debug|Any CPU
		{84E15A6C-E3E7-488C-9FBF-D12255B3445F}.Debug|Any CPU.Build.0 = Debug|Any CPU
		{84E15A6C-E3E7-488C-9FBF-D12255B3445F}.Release|Any CPU.ActiveCfg = Release|Any CPU
		{84E15A6C-E3E7-488C-9FBF-D12255B3445F}.Release|Any CPU.Build.0 = Release|Any CPU
		{7F988A04-45D9-409C-83B4-56DC0663F9AD}.Debug|Any CPU.ActiveCfg = Debug|Any CPU
		{7F988A04-45D9-409C-83B4-56DC0663F9AD}.Debug|Any CPU.Build.0 = Debug|Any CPU
		{7F988A04-45D9-409C-83B4-56DC0663F9AD}.Release|Any CPU.ActiveCfg = Release|Any CPU
		{7F988A04-45D9-409C-83B4-56DC0663F9AD}.Release|Any CPU.Build.0 = Release|Any CPU
		{42B9D2B3-6AF9-4766-B234-D78B8A6F4CA5}.Debug|Any CPU.ActiveCfg = Debug|Any CPU
		{42B9D2B3-6AF9-4766-B234-D78B8A6F4CA5}.Debug|Any CPU.Build.0 = Debug|Any CPU
		{42B9D2B3-6AF9-4766-B234-D78B8A6F4CA5}.Release|Any CPU.ActiveCfg = Release|Any CPU
		{42B9D2B3-6AF9-4766-B234-D78B8A6F4CA5}.Release|Any CPU.Build.0 = Release|Any CPU
		{86C6525F-E0F5-4ECD-A832-E836383031E7}.Debug|Any CPU.ActiveCfg = Debug|Any CPU
		{86C6525F-E0F5-4ECD-A832-E836383031E7}.Debug|Any CPU.Build.0 = Debug|Any CPU
		{86C6525F-E0F5-4ECD-A832-E836383031E7}.Release|Any CPU.ActiveCfg = Release|Any CPU
		{86C6525F-E0F5-4ECD-A832-E836383031E7}.Release|Any CPU.Build.0 = Release|Any CPU
	EndGlobalSection
	GlobalSection(SolutionProperties) = preSolution
		HideSolutionNode = FALSE
	EndGlobalSection
	GlobalSection(ExtensibilityGlobals) = postSolution
		SolutionGuid = {3080968F-AC73-43C5-8D2A-CC447EF077DC}
	EndGlobalSection
	GlobalSection(NestedProjects) = preSolution
		{08AE8BC7-81FE-43A6-96A7-BC7910AF09EE} = {5B995C24-B8BE-46E8-8B0B-1254641F31A0}
		{2EC4AA7A-3566-465F-888E-75F1986C9167} = {5B995C24-B8BE-46E8-8B0B-1254641F31A0}
		{7570FF55-0C5D-4E52-BE67-ED3307EAD128} = {5B995C24-B8BE-46E8-8B0B-1254641F31A0}
		{1A9C80BC-C2FF-418E-B6AE-15B6FEA59EEE} = {5B995C24-B8BE-46E8-8B0B-1254641F31A0}
		{F668126A-6AA9-4081-8AB1-1B6626DDFF7D} = {5B995C24-B8BE-46E8-8B0B-1254641F31A0}
		{DDEB73C7-6BB8-4F6F-822B-FDD77637B89D} = {55E402DD-18E3-4E9F-A516-A1694A0BC86D}
		{CFFBB1E0-D983-4C1A-9FFB-EAEE407E7E48} = {E7739C9D-8FE6-4B33-8363-4717FBC0E7E7}
		{3B54B394-875D-4FCC-AF23-8AEA8E1D72DC} = {B9125AD4-8943-45DC-993A-5D1B179F9041}
		{1C10B675-E06F-4B79-A094-428F0B9B7EDA} = {B9125AD4-8943-45DC-993A-5D1B179F9041}
		{658A0EA9-5267-482D-8CE9-37E1015FC92B} = {B9125AD4-8943-45DC-993A-5D1B179F9041}
		{C5AC0384-34B5-4A42-ADF3-A5E3E11EE060} = {E7739C9D-8FE6-4B33-8363-4717FBC0E7E7}
		{73DFE59A-87BD-439D-BEBE-DD16A89984FA} = {E7739C9D-8FE6-4B33-8363-4717FBC0E7E7}
		{6144D40B-E4BB-4BEB-B992-0D1E9327932C} = {E7739C9D-8FE6-4B33-8363-4717FBC0E7E7}
		{CA3D10FB-C8B7-46B2-8FA9-DC50F03F4153} = {E7739C9D-8FE6-4B33-8363-4717FBC0E7E7}
		{FD380E28-AC77-46F1-9384-FE7F0C7B8DDD} = {E7739C9D-8FE6-4B33-8363-4717FBC0E7E7}
		{AA671892-13FE-4527-9727-62AE6BE6C5C1} = {E7739C9D-8FE6-4B33-8363-4717FBC0E7E7}
		{0B72E412-C412-4D47-975E-25884FF8222F} = {E7739C9D-8FE6-4B33-8363-4717FBC0E7E7}
		{FD76508C-8ECC-4F46-B504-2CBE88C67804} = {5B995C24-B8BE-46E8-8B0B-1254641F31A0}
		{CD736D7D-1D81-4F96-879E-89AB22B6C343} = {5B995C24-B8BE-46E8-8B0B-1254641F31A0}
		{29A7451C-8506-43B6-B5D5-862B3545CEFF} = {5B995C24-B8BE-46E8-8B0B-1254641F31A0}
		{5E542B1D-AA4F-459B-A665-07D1EF7A38DC} = {B9125AD4-8943-45DC-993A-5D1B179F9041}
		{77E61EE3-ABF0-4D88-8173-2186BA06DD48} = {B9125AD4-8943-45DC-993A-5D1B179F9041}
		{FBF31C29-3148-4887-B2A6-648F4F862B5B} = {5B995C24-B8BE-46E8-8B0B-1254641F31A0}
		{DF898618-2B0A-49A6-8138-9371D0A98A51} = {5B995C24-B8BE-46E8-8B0B-1254641F31A0}
		{A86C6F86-6814-4B5A-900B-FBC9F7CEA4F2} = {5B995C24-B8BE-46E8-8B0B-1254641F31A0}
			{D3E70339-84C6-4CE0-A7EE-8C7E5BBB7CDB} = {F21AB6AB-D52B-4AFA-A2A4-1848E44D3ACE}
		{E82F5C61-EF99-427E-9E35-D293D5D7D064} = {F21AB6AB-D52B-4AFA-A2A4-1848E44D3ACE}
		{96F58BD8-0DFE-41D3-9730-9EF016FEAD15} = {F21AB6AB-D52B-4AFA-A2A4-1848E44D3ACE}
		{EE74E2E8-751B-487A-988E-D84F13A84DCA} = {F21AB6AB-D52B-4AFA-A2A4-1848E44D3ACE}
		{98A81619-4BE9-4D02-909E-40821842DCB1} = {F21AB6AB-D52B-4AFA-A2A4-1848E44D3ACE}
		{52F6DF38-8416-4276-AF73-7750643C6306} = {F21AB6AB-D52B-4AFA-A2A4-1848E44D3ACE}
		{C7C74A6A-5A87-4BB7-93E5-62A40FE6A3E7} = {F21AB6AB-D52B-4AFA-A2A4-1848E44D3ACE}
		{44FEBBD2-00FA-4F82-B61A-54A738ED9554} = {F21AB6AB-D52B-4AFA-A2A4-1848E44D3ACE}
		{DE8CDBE5-B904-4D11-B41D-4A5E0F10259E} = {F21AB6AB-D52B-4AFA-A2A4-1848E44D3ACE}
		{3DBCE11D-E8D7-4BCF-93FE-F8E13BCFADC4} = {F21AB6AB-D52B-4AFA-A2A4-1848E44D3ACE}
		{8B633986-CBB1-4AF1-9024-64647C547651} = {F21AB6AB-D52B-4AFA-A2A4-1848E44D3ACE}
		{7BD4DE39-AA84-4317-98D5-38385EF842AA} = {F21AB6AB-D52B-4AFA-A2A4-1848E44D3ACE}
		{1762352E-5F41-4692-A1E5-4320C6341E2F} = {F21AB6AB-D52B-4AFA-A2A4-1848E44D3ACE}
		{D3E70339-84C6-4CE0-A7EE-8C7E5BBB7CDB} = {F21AB6AB-D52B-4AFA-A2A4-1848E44D3ACE}
		{1C2A315D-F52B-4149-AD42-DAC7076DBDCB} = {F21AB6AB-D52B-4AFA-A2A4-1848E44D3ACE}
		{10B394AF-E1FE-4C4C-A69E-7F5EF0B1A7C9} = {F21AB6AB-D52B-4AFA-A2A4-1848E44D3ACE}
		{C02FB9CB-D673-4173-80A4-B2D46C965AF2} = {F21AB6AB-D52B-4AFA-A2A4-1848E44D3ACE}
		{A53285C7-6E33-4445-8937-B627D0E186F3} = {F21AB6AB-D52B-4AFA-A2A4-1848E44D3ACE}
		{DD82535F-B8E0-42C8-A2AC-A0D4D3C978F4} = {F21AB6AB-D52B-4AFA-A2A4-1848E44D3ACE}
		{DAFBF89C-2E49-487B-B615-67BEBE20A724} = {F21AB6AB-D52B-4AFA-A2A4-1848E44D3ACE}
		{940A8376-16AA-4DE6-BDC8-A23EA8DA9026} = {F21AB6AB-D52B-4AFA-A2A4-1848E44D3ACE}
		{CFA70889-B8DC-4A62-B373-B4FF887C0AE8} = {F21AB6AB-D52B-4AFA-A2A4-1848E44D3ACE}
		{16ABE188-FEE3-4BDC-8B1A-A98A1FE84743} = {E7739C9D-8FE6-4B33-8363-4717FBC0E7E7}
		{34862CD4-E933-4CD0-B9BF-B1C3662A7D96} = {E7739C9D-8FE6-4B33-8363-4717FBC0E7E7}
		{7C5108EA-2855-4257-81E2-E1F3E8A93171} = {5B995C24-B8BE-46E8-8B0B-1254641F31A0}
		{DB43756F-DDEA-4668-AB62-E73B4B9A212E} = {5B995C24-B8BE-46E8-8B0B-1254641F31A0}
		{89BE2C58-71A2-4583-A7B3-164B8AD45DDE} = {5B995C24-B8BE-46E8-8B0B-1254641F31A0}
		{60F874A0-EEBD-4A9E-BC52-C4E98483FC5E} = {5B995C24-B8BE-46E8-8B0B-1254641F31A0}
		{B805848D-95BE-4A3B-99FB-E4CD1A1CD7FB} = {5B995C24-B8BE-46E8-8B0B-1254641F31A0}
		{50B71D5C-48F3-4678-B594-E0076701A97D} = {E7739C9D-8FE6-4B33-8363-4717FBC0E7E7}
		{696970A8-F4B4-4B82-9D1D-C9D7E6B379EA} = {E7739C9D-8FE6-4B33-8363-4717FBC0E7E7}
		{5ABE4A0D-A0C6-4925-95E9-72A7EB0C4D80} = {E7739C9D-8FE6-4B33-8363-4717FBC0E7E7}
		{95E3AD08-53D4-4C99-B756-196B1C9515BB} = {E7739C9D-8FE6-4B33-8363-4717FBC0E7E7}
		{84E15A6C-E3E7-488C-9FBF-D12255B3445F} = {E7739C9D-8FE6-4B33-8363-4717FBC0E7E7}
		{7F988A04-45D9-409C-83B4-56DC0663F9AD} = {E7739C9D-8FE6-4B33-8363-4717FBC0E7E7}
		{42B9D2B3-6AF9-4766-B234-D78B8A6F4CA5} = {E7739C9D-8FE6-4B33-8363-4717FBC0E7E7}
		{86C6525F-E0F5-4ECD-A832-E836383031E7} = {E7739C9D-8FE6-4B33-8363-4717FBC0E7E7}
	EndGlobalSection
EndGlobal
